
Microsoft Visual Studio Solution File, Format Version 12.00
# Visual Studio Version 16
VisualStudioVersion = 16.0.30002.166
MinimumVisualStudioVersion = 10.0.40219.1
Project("{FAE04EC0-301F-11D3-BF4B-00C04F79EFBC}") = "file2rle", "file2rle.csproj", "{028116C6-B10A-4FF1-96DC-A33D89A1AA6A}"
EndProject
Global
	GlobalSection(SolutionConfigurationPlatforms) = preSolution
		Debug|Any CPU = Debug|Any CPU
		Release|Any CPU = Release|Any CPU
	EndGlobalSection
	GlobalSection(ProjectConfigurationPlatforms) = postSolution
		{028116C6-B10A-4FF1-96DC-A33D89A1AA6A}.Debug|Any CPU.ActiveCfg = Debug|Any CPU
		{028116C6-B10A-4FF1-96DC-A33D89A1AA6A}.Debug|Any CPU.Build.0 = Debug|Any CPU
		{028116C6-B10A-4FF1-96DC-A33D89A1AA6A}.Release|Any CPU.ActiveCfg = Release|Any CPU
		{028116C6-B10A-4FF1-96DC-A33D89A1AA6A}.Release|Any CPU.Build.0 = Release|Any CPU
	EndGlobalSection
	GlobalSection(SolutionProperties) = preSolution
		HideSolutionNode = FALSE
	EndGlobalSection
	GlobalSection(ExtensibilityGlobals) = postSolution
		SolutionGuid = {68C4AE40-4968-4882-8ED7-3D22CF2520E1}
	EndGlobalSection
EndGlobal
